// !$*UTF8*$!
{
	archiveVersion = 1;
	classes = {
	};
	objectVersion = 46;
	objects = {

/* Begin PBXBuildFile section */
		39FC98FB1DC788A1008FE5DD /* String+Extensions.swift in Sources */ = {isa = PBXBuildFile; fileRef = 39FC98F91DC788A1008FE5DD /* String+Extensions.swift */; };
		39FC98FC1DC788A1008FE5DD /* UIColor+Extensions.swift in Sources */ = {isa = PBXBuildFile; fileRef = 39FC98FA1DC788A1008FE5DD /* UIColor+Extensions.swift */; };
		947A71A11C0F9DED00BDF9FC /* UIView+Responder.swift in Sources */ = {isa = PBXBuildFile; fileRef = 947A71A01C0F9DED00BDF9FC /* UIView+Responder.swift */; };
		FBA6AAFF1AD3EC9F00721644 /* RichEditorView.h in Headers */ = {isa = PBXBuildFile; fileRef = FBA6AAFE1AD3EC9F00721644 /* RichEditorView.h */; settings = {ATTRIBUTES = (Public, ); }; };
		FBA6AB051AD3EC9F00721644 /* RichEditorView.framework in Frameworks */ = {isa = PBXBuildFile; fileRef = FBA6AAF91AD3EC9F00721644 /* RichEditorView.framework */; };
		FBA6AB0C1AD3EC9F00721644 /* RichEditorViewTests.swift in Sources */ = {isa = PBXBuildFile; fileRef = FBA6AB0B1AD3EC9F00721644 /* RichEditorViewTests.swift */; };
		FBA6AB4F1AD3ED2D00721644 /* normalize.css in Resources */ = {isa = PBXBuildFile; fileRef = FBA6AB191AD3ED2D00721644 /* normalize.css */; };
		FBA6AB501AD3ED2D00721644 /* rich_editor.html in Resources */ = {isa = PBXBuildFile; fileRef = FBA6AB1A1AD3ED2D00721644 /* rich_editor.html */; };
		FBA6AB511AD3ED2D00721644 /* rich_editor.js in Resources */ = {isa = PBXBuildFile; fileRef = FBA6AB1B1AD3ED2D00721644 /* rich_editor.js */; };
		FBA6AB521AD3ED2D00721644 /* style.css in Resources */ = {isa = PBXBuildFile; fileRef = FBA6AB1C1AD3ED2D00721644 /* style.css */; };
		FBA6AB531AD3ED2D00721644 /* bg_color.png in Resources */ = {isa = PBXBuildFile; fileRef = FBA6AB1E1AD3ED2D00721644 /* bg_color.png */; };
		FBA6AB541AD3ED2D00721644 /* bg_color@2x.png in Resources */ = {isa = PBXBuildFile; fileRef = FBA6AB1F1AD3ED2D00721644 /* bg_color@2x.png */; };
		FBA6AB551AD3ED2D00721644 /* bold.png in Resources */ = {isa = PBXBuildFile; fileRef = FBA6AB201AD3ED2D00721644 /* bold.png */; };
		FBA6AB561AD3ED2D00721644 /* bold@2x.png in Resources */ = {isa = PBXBuildFile; fileRef = FBA6AB211AD3ED2D00721644 /* bold@2x.png */; };
		FBA6AB571AD3ED2D00721644 /* clear.png in Resources */ = {isa = PBXBuildFile; fileRef = FBA6AB221AD3ED2D00721644 /* clear.png */; };
		FBA6AB581AD3ED2D00721644 /* clear@2x.png in Resources */ = {isa = PBXBuildFile; fileRef = FBA6AB231AD3ED2D00721644 /* clear@2x.png */; };
		FBA6AB591AD3ED2D00721644 /* h1.png in Resources */ = {isa = PBXBuildFile; fileRef = FBA6AB241AD3ED2D00721644 /* h1.png */; };
		FBA6AB5A1AD3ED2D00721644 /* h1@2x.png in Resources */ = {isa = PBXBuildFile; fileRef = FBA6AB251AD3ED2D00721644 /* h1@2x.png */; };
		FBA6AB5B1AD3ED2D00721644 /* h2.png in Resources */ = {isa = PBXBuildFile; fileRef = FBA6AB261AD3ED2D00721644 /* h2.png */; };
		FBA6AB5C1AD3ED2D00721644 /* h2@2x.png in Resources */ = {isa = PBXBuildFile; fileRef = FBA6AB271AD3ED2D00721644 /* h2@2x.png */; };
		FBA6AB5D1AD3ED2D00721644 /* h3.png in Resources */ = {isa = PBXBuildFile; fileRef = FBA6AB281AD3ED2D00721644 /* h3.png */; };
		FBA6AB5E1AD3ED2D00721644 /* h3@2x.png in Resources */ = {isa = PBXBuildFile; fileRef = FBA6AB291AD3ED2D00721644 /* h3@2x.png */; };
		FBA6AB5F1AD3ED2D00721644 /* h4.png in Resources */ = {isa = PBXBuildFile; fileRef = FBA6AB2A1AD3ED2D00721644 /* h4.png */; };
		FBA6AB601AD3ED2D00721644 /* h4@2x.png in Resources */ = {isa = PBXBuildFile; fileRef = FBA6AB2B1AD3ED2D00721644 /* h4@2x.png */; };
		FBA6AB611AD3ED2D00721644 /* h5.png in Resources */ = {isa = PBXBuildFile; fileRef = FBA6AB2C1AD3ED2D00721644 /* h5.png */; };
		FBA6AB621AD3ED2D00721644 /* h5@2x.png in Resources */ = {isa = PBXBuildFile; fileRef = FBA6AB2D1AD3ED2D00721644 /* h5@2x.png */; };
		FBA6AB631AD3ED2D00721644 /* h6.png in Resources */ = {isa = PBXBuildFile; fileRef = FBA6AB2E1AD3ED2D00721644 /* h6.png */; };
		FBA6AB641AD3ED2D00721644 /* h6@2x.png in Resources */ = {isa = PBXBuildFile; fileRef = FBA6AB2F1AD3ED2D00721644 /* h6@2x.png */; };
		FBA6AB651AD3ED2D00721644 /* indent.png in Resources */ = {isa = PBXBuildFile; fileRef = FBA6AB301AD3ED2D00721644 /* indent.png */; };
		FBA6AB661AD3ED2D00721644 /* indent@2x.png in Resources */ = {isa = PBXBuildFile; fileRef = FBA6AB311AD3ED2D00721644 /* indent@2x.png */; };
		FBA6AB671AD3ED2D00721644 /* insert_image.png in Resources */ = {isa = PBXBuildFile; fileRef = FBA6AB321AD3ED2D00721644 /* insert_image.png */; };
		FBA6AB681AD3ED2D00721644 /* insert_image@2x.png in Resources */ = {isa = PBXBuildFile; fileRef = FBA6AB331AD3ED2D00721644 /* insert_image@2x.png */; };
		FBA6AB691AD3ED2D00721644 /* insert_link.png in Resources */ = {isa = PBXBuildFile; fileRef = FBA6AB341AD3ED2D00721644 /* insert_link.png */; };
		FBA6AB6A1AD3ED2D00721644 /* insert_link@2x.png in Resources */ = {isa = PBXBuildFile; fileRef = FBA6AB351AD3ED2D00721644 /* insert_link@2x.png */; };
		FBA6AB6B1AD3ED2D00721644 /* italic.png in Resources */ = {isa = PBXBuildFile; fileRef = FBA6AB361AD3ED2D00721644 /* italic.png */; };
		FBA6AB6C1AD3ED2D00721644 /* italic@2x.png in Resources */ = {isa = PBXBuildFile; fileRef = FBA6AB371AD3ED2D00721644 /* italic@2x.png */; };
		FBA6AB6D1AD3ED2D00721644 /* justify_center.png in Resources */ = {isa = PBXBuildFile; fileRef = FBA6AB381AD3ED2D00721644 /* justify_center.png */; };
		FBA6AB6E1AD3ED2D00721644 /* justify_center@2x.png in Resources */ = {isa = PBXBuildFile; fileRef = FBA6AB391AD3ED2D00721644 /* justify_center@2x.png */; };
		FBA6AB6F1AD3ED2D00721644 /* justify_left.png in Resources */ = {isa = PBXBuildFile; fileRef = FBA6AB3A1AD3ED2D00721644 /* justify_left.png */; };
		FBA6AB701AD3ED2D00721644 /* justify_left@2x.png in Resources */ = {isa = PBXBuildFile; fileRef = FBA6AB3B1AD3ED2D00721644 /* justify_left@2x.png */; };
		FBA6AB711AD3ED2D00721644 /* justify_right.png in Resources */ = {isa = PBXBuildFile; fileRef = FBA6AB3C1AD3ED2D00721644 /* justify_right.png */; };
		FBA6AB721AD3ED2D00721644 /* justify_right@2x.png in Resources */ = {isa = PBXBuildFile; fileRef = FBA6AB3D1AD3ED2D00721644 /* justify_right@2x.png */; };
		FBA6AB731AD3ED2D00721644 /* outdent.png in Resources */ = {isa = PBXBuildFile; fileRef = FBA6AB3E1AD3ED2D00721644 /* outdent.png */; };
		FBA6AB741AD3ED2D00721644 /* outdent@2x.png in Resources */ = {isa = PBXBuildFile; fileRef = FBA6AB3F1AD3ED2D00721644 /* outdent@2x.png */; };
		FBA6AB751AD3ED2D00721644 /* redo.png in Resources */ = {isa = PBXBuildFile; fileRef = FBA6AB401AD3ED2D00721644 /* redo.png */; };
		FBA6AB761AD3ED2D00721644 /* redo@2x.png in Resources */ = {isa = PBXBuildFile; fileRef = FBA6AB411AD3ED2D00721644 /* redo@2x.png */; };
		FBA6AB771AD3ED2D00721644 /* strikethrough.png in Resources */ = {isa = PBXBuildFile; fileRef = FBA6AB421AD3ED2D00721644 /* strikethrough.png */; };
		FBA6AB781AD3ED2D00721644 /* strikethrough@2x.png in Resources */ = {isa = PBXBuildFile; fileRef = FBA6AB431AD3ED2D00721644 /* strikethrough@2x.png */; };
		FBA6AB791AD3ED2D00721644 /* subscript.png in Resources */ = {isa = PBXBuildFile; fileRef = FBA6AB441AD3ED2D00721644 /* subscript.png */; };
		FBA6AB7A1AD3ED2D00721644 /* subscript@2x.png in Resources */ = {isa = PBXBuildFile; fileRef = FBA6AB451AD3ED2D00721644 /* subscript@2x.png */; };
		FBA6AB7B1AD3ED2D00721644 /* superscript.png in Resources */ = {isa = PBXBuildFile; fileRef = FBA6AB461AD3ED2D00721644 /* superscript.png */; };
		FBA6AB7C1AD3ED2D00721644 /* superscript@2x.png in Resources */ = {isa = PBXBuildFile; fileRef = FBA6AB471AD3ED2D00721644 /* superscript@2x.png */; };
		FBA6AB7D1AD3ED2D00721644 /* text_color.png in Resources */ = {isa = PBXBuildFile; fileRef = FBA6AB481AD3ED2D00721644 /* text_color.png */; };
		FBA6AB7E1AD3ED2D00721644 /* text_color@2x.png in Resources */ = {isa = PBXBuildFile; fileRef = FBA6AB491AD3ED2D00721644 /* text_color@2x.png */; };
		FBA6AB7F1AD3ED2D00721644 /* underline.png in Resources */ = {isa = PBXBuildFile; fileRef = FBA6AB4A1AD3ED2D00721644 /* underline.png */; };
		FBA6AB801AD3ED2D00721644 /* underline@2x.png in Resources */ = {isa = PBXBuildFile; fileRef = FBA6AB4B1AD3ED2D00721644 /* underline@2x.png */; };
		FBA6AB811AD3ED2D00721644 /* undo.png in Resources */ = {isa = PBXBuildFile; fileRef = FBA6AB4C1AD3ED2D00721644 /* undo.png */; };
		FBA6AB821AD3ED2D00721644 /* undo@2x.png in Resources */ = {isa = PBXBuildFile; fileRef = FBA6AB4D1AD3ED2D00721644 /* undo@2x.png */; };
		FBA6AB881AD3ED3C00721644 /* CJWWebView+HackishAccessoryHiding.h in Headers */ = {isa = PBXBuildFile; fileRef = FBA6AB831AD3ED3C00721644 /* CJWWebView+HackishAccessoryHiding.h */; settings = {ATTRIBUTES = (Public, ); }; };
		FBA6AB891AD3ED3C00721644 /* CJWWebView+HackishAccessoryHiding.m in Sources */ = {isa = PBXBuildFile; fileRef = FBA6AB841AD3ED3C00721644 /* CJWWebView+HackishAccessoryHiding.m */; };
		FBA6AB8A1AD3ED3C00721644 /* RichEditorOptionItem.swift in Sources */ = {isa = PBXBuildFile; fileRef = FBA6AB851AD3ED3C00721644 /* RichEditorOptionItem.swift */; };
		FBA6AB8B1AD3ED3C00721644 /* RichEditorToolbar.swift in Sources */ = {isa = PBXBuildFile; fileRef = FBA6AB861AD3ED3C00721644 /* RichEditorToolbar.swift */; };
		FBA6AB8C1AD3ED3C00721644 /* RichEditorView.swift in Sources */ = {isa = PBXBuildFile; fileRef = FBA6AB871AD3ED3C00721644 /* RichEditorView.swift */; };
		FBA6ABC51AD3FD2E00721644 /* UIKit.framework in Frameworks */ = {isa = PBXBuildFile; fileRef = FBA6ABC41AD3FD2E00721644 /* UIKit.framework */; };
/* End PBXBuildFile section */

/* Begin PBXContainerItemProxy section */
		FBA6AB061AD3EC9F00721644 /* PBXContainerItemProxy */ = {
			isa = PBXContainerItemProxy;
			containerPortal = FBA6AAF01AD3EC9F00721644 /* Project object */;
			proxyType = 1;
			remoteGlobalIDString = FBA6AAF81AD3EC9F00721644;
			remoteInfo = RichEditorView;
		};
/* End PBXContainerItemProxy section */

/* Begin PBXFileReference section */
		39FC98F91DC788A1008FE5DD /* String+Extensions.swift */ = {isa = PBXFileReference; fileEncoding = 4; lastKnownFileType = sourcecode.swift; name = "String+Extensions.swift"; path = "Classes/String+Extensions.swift"; sourceTree = "<group>"; };
		39FC98FA1DC788A1008FE5DD /* UIColor+Extensions.swift */ = {isa = PBXFileReference; fileEncoding = 4; lastKnownFileType = sourcecode.swift; name = "UIColor+Extensions.swift"; path = "Classes/UIColor+Extensions.swift"; sourceTree = "<group>"; };
		947A71A01C0F9DED00BDF9FC /* UIView+Responder.swift */ = {isa = PBXFileReference; fileEncoding = 4; lastKnownFileType = sourcecode.swift; name = "UIView+Responder.swift"; path = "Classes/UIView+Responder.swift"; sourceTree = "<group>"; };
		FBA6AAF91AD3EC9F00721644 /* RichEditorView.framework */ = {isa = PBXFileReference; explicitFileType = wrapper.framework; includeInIndex = 0; path = RichEditorView.framework; sourceTree = BUILT_PRODUCTS_DIR; };
		FBA6AAFD1AD3EC9F00721644 /* Info.plist */ = {isa = PBXFileReference; lastKnownFileType = text.plist.xml; path = Info.plist; sourceTree = "<group>"; };
		FBA6AAFE1AD3EC9F00721644 /* RichEditorView.h */ = {isa = PBXFileReference; lastKnownFileType = sourcecode.c.h; path = RichEditorView.h; sourceTree = "<group>"; };
		FBA6AB041AD3EC9F00721644 /* RichEditorViewTests.xctest */ = {isa = PBXFileReference; explicitFileType = wrapper.cfbundle; includeInIndex = 0; path = RichEditorViewTests.xctest; sourceTree = BUILT_PRODUCTS_DIR; };
		FBA6AB0A1AD3EC9F00721644 /* Info.plist */ = {isa = PBXFileReference; lastKnownFileType = text.plist.xml; path = Info.plist; sourceTree = "<group>"; };
		FBA6AB0B1AD3EC9F00721644 /* RichEditorViewTests.swift */ = {isa = PBXFileReference; lastKnownFileType = sourcecode.swift; path = RichEditorViewTests.swift; sourceTree = "<group>"; };
		FBA6AB181AD3ED2D00721644 /* checking.js */ = {isa = PBXFileReference; fileEncoding = 4; lastKnownFileType = sourcecode.javascript; path = checking.js; sourceTree = "<group>"; };
		FBA6AB191AD3ED2D00721644 /* normalize.css */ = {isa = PBXFileReference; fileEncoding = 4; lastKnownFileType = text.css; path = normalize.css; sourceTree = "<group>"; };
		FBA6AB1A1AD3ED2D00721644 /* rich_editor.html */ = {isa = PBXFileReference; fileEncoding = 4; lastKnownFileType = text.html; path = rich_editor.html; sourceTree = "<group>"; };
		FBA6AB1B1AD3ED2D00721644 /* rich_editor.js */ = {isa = PBXFileReference; fileEncoding = 4; lastKnownFileType = sourcecode.javascript; path = rich_editor.js; sourceTree = "<group>"; };
		FBA6AB1C1AD3ED2D00721644 /* style.css */ = {isa = PBXFileReference; fileEncoding = 4; lastKnownFileType = text.css; path = style.css; sourceTree = "<group>"; };
		FBA6AB1E1AD3ED2D00721644 /* bg_color.png */ = {isa = PBXFileReference; lastKnownFileType = image.png; path = bg_color.png; sourceTree = "<group>"; };
		FBA6AB1F1AD3ED2D00721644 /* bg_color@2x.png */ = {isa = PBXFileReference; lastKnownFileType = image.png; path = "bg_color@2x.png"; sourceTree = "<group>"; };
		FBA6AB201AD3ED2D00721644 /* bold.png */ = {isa = PBXFileReference; lastKnownFileType = image.png; path = bold.png; sourceTree = "<group>"; };
		FBA6AB211AD3ED2D00721644 /* bold@2x.png */ = {isa = PBXFileReference; lastKnownFileType = image.png; path = "bold@2x.png"; sourceTree = "<group>"; };
		FBA6AB221AD3ED2D00721644 /* clear.png */ = {isa = PBXFileReference; lastKnownFileType = image.png; path = clear.png; sourceTree = "<group>"; };
		FBA6AB231AD3ED2D00721644 /* clear@2x.png */ = {isa = PBXFileReference; lastKnownFileType = image.png; path = "clear@2x.png"; sourceTree = "<group>"; };
		FBA6AB241AD3ED2D00721644 /* h1.png */ = {isa = PBXFileReference; lastKnownFileType = image.png; path = h1.png; sourceTree = "<group>"; };
		FBA6AB251AD3ED2D00721644 /* h1@2x.png */ = {isa = PBXFileReference; lastKnownFileType = image.png; path = "h1@2x.png"; sourceTree = "<group>"; };
		FBA6AB261AD3ED2D00721644 /* h2.png */ = {isa = PBXFileReference; lastKnownFileType = image.png; path = h2.png; sourceTree = "<group>"; };
		FBA6AB271AD3ED2D00721644 /* h2@2x.png */ = {isa = PBXFileReference; lastKnownFileType = image.png; path = "h2@2x.png"; sourceTree = "<group>"; };
		FBA6AB281AD3ED2D00721644 /* h3.png */ = {isa = PBXFileReference; lastKnownFileType = image.png; path = h3.png; sourceTree = "<group>"; };
		FBA6AB291AD3ED2D00721644 /* h3@2x.png */ = {isa = PBXFileReference; lastKnownFileType = image.png; path = "h3@2x.png"; sourceTree = "<group>"; };
		FBA6AB2A1AD3ED2D00721644 /* h4.png */ = {isa = PBXFileReference; lastKnownFileType = image.png; path = h4.png; sourceTree = "<group>"; };
		FBA6AB2B1AD3ED2D00721644 /* h4@2x.png */ = {isa = PBXFileReference; lastKnownFileType = image.png; path = "h4@2x.png"; sourceTree = "<group>"; };
		FBA6AB2C1AD3ED2D00721644 /* h5.png */ = {isa = PBXFileReference; lastKnownFileType = image.png; path = h5.png; sourceTree = "<group>"; };
		FBA6AB2D1AD3ED2D00721644 /* h5@2x.png */ = {isa = PBXFileReference; lastKnownFileType = image.png; path = "h5@2x.png"; sourceTree = "<group>"; };
		FBA6AB2E1AD3ED2D00721644 /* h6.png */ = {isa = PBXFileReference; lastKnownFileType = image.png; path = h6.png; sourceTree = "<group>"; };
		FBA6AB2F1AD3ED2D00721644 /* h6@2x.png */ = {isa = PBXFileReference; lastKnownFileType = image.png; path = "h6@2x.png"; sourceTree = "<group>"; };
		FBA6AB301AD3ED2D00721644 /* indent.png */ = {isa = PBXFileReference; lastKnownFileType = image.png; path = indent.png; sourceTree = "<group>"; };
		FBA6AB311AD3ED2D00721644 /* indent@2x.png */ = {isa = PBXFileReference; lastKnownFileType = image.png; path = "indent@2x.png"; sourceTree = "<group>"; };
		FBA6AB321AD3ED2D00721644 /* insert_image.png */ = {isa = PBXFileReference; lastKnownFileType = image.png; path = insert_image.png; sourceTree = "<group>"; };
		FBA6AB331AD3ED2D00721644 /* insert_image@2x.png */ = {isa = PBXFileReference; lastKnownFileType = image.png; path = "insert_image@2x.png"; sourceTree = "<group>"; };
		FBA6AB341AD3ED2D00721644 /* insert_link.png */ = {isa = PBXFileReference; lastKnownFileType = image.png; path = insert_link.png; sourceTree = "<group>"; };
		FBA6AB351AD3ED2D00721644 /* insert_link@2x.png */ = {isa = PBXFileReference; lastKnownFileType = image.png; path = "insert_link@2x.png"; sourceTree = "<group>"; };
		FBA6AB361AD3ED2D00721644 /* italic.png */ = {isa = PBXFileReference; lastKnownFileType = image.png; path = italic.png; sourceTree = "<group>"; };
		FBA6AB371AD3ED2D00721644 /* italic@2x.png */ = {isa = PBXFileReference; lastKnownFileType = image.png; path = "italic@2x.png"; sourceTree = "<group>"; };
		FBA6AB381AD3ED2D00721644 /* justify_center.png */ = {isa = PBXFileReference; lastKnownFileType = image.png; path = justify_center.png; sourceTree = "<group>"; };
		FBA6AB391AD3ED2D00721644 /* justify_center@2x.png */ = {isa = PBXFileReference; lastKnownFileType = image.png; path = "justify_center@2x.png"; sourceTree = "<group>"; };
		FBA6AB3A1AD3ED2D00721644 /* justify_left.png */ = {isa = PBXFileReference; lastKnownFileType = image.png; path = justify_left.png; sourceTree = "<group>"; };
		FBA6AB3B1AD3ED2D00721644 /* justify_left@2x.png */ = {isa = PBXFileReference; lastKnownFileType = image.png; path = "justify_left@2x.png"; sourceTree = "<group>"; };
		FBA6AB3C1AD3ED2D00721644 /* justify_right.png */ = {isa = PBXFileReference; lastKnownFileType = image.png; path = justify_right.png; sourceTree = "<group>"; };
		FBA6AB3D1AD3ED2D00721644 /* justify_right@2x.png */ = {isa = PBXFileReference; lastKnownFileType = image.png; path = "justify_right@2x.png"; sourceTree = "<group>"; };
		FBA6AB3E1AD3ED2D00721644 /* outdent.png */ = {isa = PBXFileReference; lastKnownFileType = image.png; path = outdent.png; sourceTree = "<group>"; };
		FBA6AB3F1AD3ED2D00721644 /* outdent@2x.png */ = {isa = PBXFileReference; lastKnownFileType = image.png; path = "outdent@2x.png"; sourceTree = "<group>"; };
		FBA6AB401AD3ED2D00721644 /* redo.png */ = {isa = PBXFileReference; lastKnownFileType = image.png; path = redo.png; sourceTree = "<group>"; };
		FBA6AB411AD3ED2D00721644 /* redo@2x.png */ = {isa = PBXFileReference; lastKnownFileType = image.png; path = "redo@2x.png"; sourceTree = "<group>"; };
		FBA6AB421AD3ED2D00721644 /* strikethrough.png */ = {isa = PBXFileReference; lastKnownFileType = image.png; path = strikethrough.png; sourceTree = "<group>"; };
		FBA6AB431AD3ED2D00721644 /* strikethrough@2x.png */ = {isa = PBXFileReference; lastKnownFileType = image.png; path = "strikethrough@2x.png"; sourceTree = "<group>"; };
		FBA6AB441AD3ED2D00721644 /* subscript.png */ = {isa = PBXFileReference; lastKnownFileType = image.png; path = subscript.png; sourceTree = "<group>"; };
		FBA6AB451AD3ED2D00721644 /* subscript@2x.png */ = {isa = PBXFileReference; lastKnownFileType = image.png; path = "subscript@2x.png"; sourceTree = "<group>"; };
		FBA6AB461AD3ED2D00721644 /* superscript.png */ = {isa = PBXFileReference; lastKnownFileType = image.png; path = superscript.png; sourceTree = "<group>"; };
		FBA6AB471AD3ED2D00721644 /* superscript@2x.png */ = {isa = PBXFileReference; lastKnownFileType = image.png; path = "superscript@2x.png"; sourceTree = "<group>"; };
		FBA6AB481AD3ED2D00721644 /* text_color.png */ = {isa = PBXFileReference; lastKnownFileType = image.png; path = text_color.png; sourceTree = "<group>"; };
		FBA6AB491AD3ED2D00721644 /* text_color@2x.png */ = {isa = PBXFileReference; lastKnownFileType = image.png; path = "text_color@2x.png"; sourceTree = "<group>"; };
		FBA6AB4A1AD3ED2D00721644 /* underline.png */ = {isa = PBXFileReference; lastKnownFileType = image.png; path = underline.png; sourceTree = "<group>"; };
		FBA6AB4B1AD3ED2D00721644 /* underline@2x.png */ = {isa = PBXFileReference; lastKnownFileType = image.png; path = "underline@2x.png"; sourceTree = "<group>"; };
		FBA6AB4C1AD3ED2D00721644 /* undo.png */ = {isa = PBXFileReference; lastKnownFileType = image.png; path = undo.png; sourceTree = "<group>"; };
		FBA6AB4D1AD3ED2D00721644 /* undo@2x.png */ = {isa = PBXFileReference; lastKnownFileType = image.png; path = "undo@2x.png"; sourceTree = "<group>"; };
		FBA6AB831AD3ED3C00721644 /* CJWWebView+HackishAccessoryHiding.h */ = {isa = PBXFileReference; fileEncoding = 4; lastKnownFileType = sourcecode.c.h; name = "CJWWebView+HackishAccessoryHiding.h"; path = "Classes/CJWWebView+HackishAccessoryHiding.h"; sourceTree = "<group>"; };
		FBA6AB841AD3ED3C00721644 /* CJWWebView+HackishAccessoryHiding.m */ = {isa = PBXFileReference; fileEncoding = 4; lastKnownFileType = sourcecode.c.objc; name = "CJWWebView+HackishAccessoryHiding.m"; path = "Classes/CJWWebView+HackishAccessoryHiding.m"; sourceTree = "<group>"; };
		FBA6AB851AD3ED3C00721644 /* RichEditorOptionItem.swift */ = {isa = PBXFileReference; fileEncoding = 4; lastKnownFileType = sourcecode.swift; name = RichEditorOptionItem.swift; path = Classes/RichEditorOptionItem.swift; sourceTree = "<group>"; };
		FBA6AB861AD3ED3C00721644 /* RichEditorToolbar.swift */ = {isa = PBXFileReference; fileEncoding = 4; lastKnownFileType = sourcecode.swift; name = RichEditorToolbar.swift; path = Classes/RichEditorToolbar.swift; sourceTree = "<group>"; };
		FBA6AB871AD3ED3C00721644 /* RichEditorView.swift */ = {isa = PBXFileReference; fileEncoding = 4; lastKnownFileType = sourcecode.swift; name = RichEditorView.swift; path = Classes/RichEditorView.swift; sourceTree = "<group>"; };
		FBA6AB951AD3F3E700721644 /* RichEditorView-Bridging-Header.h */ = {isa = PBXFileReference; lastKnownFileType = sourcecode.c.h; path = "RichEditorView-Bridging-Header.h"; sourceTree = "<group>"; };
		FBA6ABC41AD3FD2E00721644 /* UIKit.framework */ = {isa = PBXFileReference; lastKnownFileType = wrapper.framework; name = UIKit.framework; path = System/Library/Frameworks/UIKit.framework; sourceTree = SDKROOT; };
/* End PBXFileReference section */

/* Begin PBXFrameworksBuildPhase section */
		FBA6AAF51AD3EC9F00721644 /* Frameworks */ = {
			isa = PBXFrameworksBuildPhase;
			buildActionMask = 2147483647;
			files = (
				FBA6ABC51AD3FD2E00721644 /* UIKit.framework in Frameworks */,
			);
			runOnlyForDeploymentPostprocessing = 0;
		};
		FBA6AB011AD3EC9F00721644 /* Frameworks */ = {
			isa = PBXFrameworksBuildPhase;
			buildActionMask = 2147483647;
			files = (
				FBA6AB051AD3EC9F00721644 /* RichEditorView.framework in Frameworks */,
			);
			runOnlyForDeploymentPostprocessing = 0;
		};
/* End PBXFrameworksBuildPhase section */

/* Begin PBXGroup section */
		FBA6AAEF1AD3EC9F00721644 = {
			isa = PBXGroup;
			children = (
				FBA6ABC41AD3FD2E00721644 /* UIKit.framework */,
				FBA6AAFB1AD3EC9F00721644 /* RichEditorView */,
				FBA6AB081AD3EC9F00721644 /* RichEditorViewTests */,
				FBA6AAFA1AD3EC9F00721644 /* Products */,
			);
			sourceTree = "<group>";
		};
		FBA6AAFA1AD3EC9F00721644 /* Products */ = {
			isa = PBXGroup;
			children = (
				FBA6AAF91AD3EC9F00721644 /* RichEditorView.framework */,
				FBA6AB041AD3EC9F00721644 /* RichEditorViewTests.xctest */,
			);
			name = Products;
			sourceTree = "<group>";
		};
		FBA6AAFB1AD3EC9F00721644 /* RichEditorView */ = {
			isa = PBXGroup;
			children = (
				FBA6AB161AD3ED1B00721644 /* Assets */,
				FBA6AB151AD3ED1700721644 /* Classes */,
				FBA6AAFE1AD3EC9F00721644 /* RichEditorView.h */,
				FBA6AAFC1AD3EC9F00721644 /* Supporting Files */,
			);
			path = RichEditorView;
			sourceTree = "<group>";
		};
		FBA6AAFC1AD3EC9F00721644 /* Supporting Files */ = {
			isa = PBXGroup;
			children = (
				FBA6AAFD1AD3EC9F00721644 /* Info.plist */,
				FBA6AB951AD3F3E700721644 /* RichEditorView-Bridging-Header.h */,
			);
			name = "Supporting Files";
			sourceTree = "<group>";
		};
		FBA6AB081AD3EC9F00721644 /* RichEditorViewTests */ = {
			isa = PBXGroup;
			children = (
				FBA6AB0B1AD3EC9F00721644 /* RichEditorViewTests.swift */,
				FBA6AB091AD3EC9F00721644 /* Supporting Files */,
			);
			path = RichEditorViewTests;
			sourceTree = "<group>";
		};
		FBA6AB091AD3EC9F00721644 /* Supporting Files */ = {
			isa = PBXGroup;
			children = (
				FBA6AB0A1AD3EC9F00721644 /* Info.plist */,
			);
			name = "Supporting Files";
			sourceTree = "<group>";
		};
		FBA6AB151AD3ED1700721644 /* Classes */ = {
			isa = PBXGroup;
			children = (
				FBA6AB831AD3ED3C00721644 /* CJWWebView+HackishAccessoryHiding.h */,
				FBA6AB841AD3ED3C00721644 /* CJWWebView+HackishAccessoryHiding.m */,
				FBA6AB851AD3ED3C00721644 /* RichEditorOptionItem.swift */,
				FBA6AB861AD3ED3C00721644 /* RichEditorToolbar.swift */,
				FBA6AB871AD3ED3C00721644 /* RichEditorView.swift */,
				39FC98F91DC788A1008FE5DD /* String+Extensions.swift */,
				39FC98FA1DC788A1008FE5DD /* UIColor+Extensions.swift */,
				947A71A01C0F9DED00BDF9FC /* UIView+Responder.swift */,
			);
			name = Classes;
			sourceTree = "<group>";
		};
		FBA6AB161AD3ED1B00721644 /* Assets */ = {
			isa = PBXGroup;
			children = (
				FBA6AB171AD3ED2D00721644 /* editor */,
				FBA6AB1D1AD3ED2D00721644 /* icons */,
			);
			name = Assets;
			sourceTree = "<group>";
		};
		FBA6AB171AD3ED2D00721644 /* editor */ = {
			isa = PBXGroup;
			children = (
				FBA6AB181AD3ED2D00721644 /* checking.js */,
				FBA6AB191AD3ED2D00721644 /* normalize.css */,
				FBA6AB1A1AD3ED2D00721644 /* rich_editor.html */,
				FBA6AB1B1AD3ED2D00721644 /* rich_editor.js */,
				FBA6AB1C1AD3ED2D00721644 /* style.css */,
			);
			name = editor;
			path = Assets/editor;
			sourceTree = "<group>";
		};
		FBA6AB1D1AD3ED2D00721644 /* icons */ = {
			isa = PBXGroup;
			children = (
				FBA6AB1E1AD3ED2D00721644 /* bg_color.png */,
				FBA6AB1F1AD3ED2D00721644 /* bg_color@2x.png */,
				FBA6AB201AD3ED2D00721644 /* bold.png */,
				FBA6AB211AD3ED2D00721644 /* bold@2x.png */,
				FBA6AB221AD3ED2D00721644 /* clear.png */,
				FBA6AB231AD3ED2D00721644 /* clear@2x.png */,
				FBA6AB241AD3ED2D00721644 /* h1.png */,
				FBA6AB251AD3ED2D00721644 /* h1@2x.png */,
				FBA6AB261AD3ED2D00721644 /* h2.png */,
				FBA6AB271AD3ED2D00721644 /* h2@2x.png */,
				FBA6AB281AD3ED2D00721644 /* h3.png */,
				FBA6AB291AD3ED2D00721644 /* h3@2x.png */,
				FBA6AB2A1AD3ED2D00721644 /* h4.png */,
				FBA6AB2B1AD3ED2D00721644 /* h4@2x.png */,
				FBA6AB2C1AD3ED2D00721644 /* h5.png */,
				FBA6AB2D1AD3ED2D00721644 /* h5@2x.png */,
				FBA6AB2E1AD3ED2D00721644 /* h6.png */,
				FBA6AB2F1AD3ED2D00721644 /* h6@2x.png */,
				FBA6AB301AD3ED2D00721644 /* indent.png */,
				FBA6AB311AD3ED2D00721644 /* indent@2x.png */,
				FBA6AB321AD3ED2D00721644 /* insert_image.png */,
				FBA6AB331AD3ED2D00721644 /* insert_image@2x.png */,
				FBA6AB341AD3ED2D00721644 /* insert_link.png */,
				FBA6AB351AD3ED2D00721644 /* insert_link@2x.png */,
				FBA6AB361AD3ED2D00721644 /* italic.png */,
				FBA6AB371AD3ED2D00721644 /* italic@2x.png */,
				FBA6AB381AD3ED2D00721644 /* justify_center.png */,
				FBA6AB391AD3ED2D00721644 /* justify_center@2x.png */,
				FBA6AB3A1AD3ED2D00721644 /* justify_left.png */,
				FBA6AB3B1AD3ED2D00721644 /* justify_left@2x.png */,
				FBA6AB3C1AD3ED2D00721644 /* justify_right.png */,
				FBA6AB3D1AD3ED2D00721644 /* justify_right@2x.png */,
				FBA6AB3E1AD3ED2D00721644 /* outdent.png */,
				FBA6AB3F1AD3ED2D00721644 /* outdent@2x.png */,
				FBA6AB401AD3ED2D00721644 /* redo.png */,
				FBA6AB411AD3ED2D00721644 /* redo@2x.png */,
				FBA6AB421AD3ED2D00721644 /* strikethrough.png */,
				FBA6AB431AD3ED2D00721644 /* strikethrough@2x.png */,
				FBA6AB441AD3ED2D00721644 /* subscript.png */,
				FBA6AB451AD3ED2D00721644 /* subscript@2x.png */,
				FBA6AB461AD3ED2D00721644 /* superscript.png */,
				FBA6AB471AD3ED2D00721644 /* superscript@2x.png */,
				FBA6AB481AD3ED2D00721644 /* text_color.png */,
				FBA6AB491AD3ED2D00721644 /* text_color@2x.png */,
				FBA6AB4A1AD3ED2D00721644 /* underline.png */,
				FBA6AB4B1AD3ED2D00721644 /* underline@2x.png */,
				FBA6AB4C1AD3ED2D00721644 /* undo.png */,
				FBA6AB4D1AD3ED2D00721644 /* undo@2x.png */,
			);
			name = icons;
			path = Assets/icons;
			sourceTree = "<group>";
		};
/* End PBXGroup section */

/* Begin PBXHeadersBuildPhase section */
		FBA6AAF61AD3EC9F00721644 /* Headers */ = {
			isa = PBXHeadersBuildPhase;
			buildActionMask = 2147483647;
			files = (
				FBA6AAFF1AD3EC9F00721644 /* RichEditorView.h in Headers */,
				FBA6AB881AD3ED3C00721644 /* CJWWebView+HackishAccessoryHiding.h in Headers */,
			);
			runOnlyForDeploymentPostprocessing = 0;
		};
/* End PBXHeadersBuildPhase section */

/* Begin PBXNativeTarget section */
		FBA6AAF81AD3EC9F00721644 /* RichEditorView */ = {
			isa = PBXNativeTarget;
			buildConfigurationList = FBA6AB0F1AD3EC9F00721644 /* Build configuration list for PBXNativeTarget "RichEditorView" */;
			buildPhases = (
				FBA6AAF41AD3EC9F00721644 /* Sources */,
				FBA6AAF51AD3EC9F00721644 /* Frameworks */,
				FBA6AAF61AD3EC9F00721644 /* Headers */,
				FBA6AAF71AD3EC9F00721644 /* Resources */,
			);
			buildRules = (
			);
			dependencies = (
			);
			name = RichEditorView;
			productName = RichEditorView;
			productReference = FBA6AAF91AD3EC9F00721644 /* RichEditorView.framework */;
			productType = "com.apple.product-type.framework";
		};
		FBA6AB031AD3EC9F00721644 /* RichEditorViewTests */ = {
			isa = PBXNativeTarget;
			buildConfigurationList = FBA6AB121AD3EC9F00721644 /* Build configuration list for PBXNativeTarget "RichEditorViewTests" */;
			buildPhases = (
				FBA6AB001AD3EC9F00721644 /* Sources */,
				FBA6AB011AD3EC9F00721644 /* Frameworks */,
				FBA6AB021AD3EC9F00721644 /* Resources */,
			);
			buildRules = (
			);
			dependencies = (
				FBA6AB071AD3EC9F00721644 /* PBXTargetDependency */,
			);
			name = RichEditorViewTests;
			productName = RichEditorViewTests;
			productReference = FBA6AB041AD3EC9F00721644 /* RichEditorViewTests.xctest */;
			productType = "com.apple.product-type.bundle.unit-test";
		};
/* End PBXNativeTarget section */

/* Begin PBXProject section */
		FBA6AAF01AD3EC9F00721644 /* Project object */ = {
			isa = PBXProject;
			attributes = {
				LastSwiftUpdateCheck = 0710;
				LastUpgradeCheck = 0800;
				TargetAttributes = {
					FBA6AAF81AD3EC9F00721644 = {
						CreatedOnToolsVersion = 6.2;
						LastSwiftMigration = 0800;
					};
					FBA6AB031AD3EC9F00721644 = {
						CreatedOnToolsVersion = 6.2;
						DevelopmentTeam = XATA46WWFJ;
						LastSwiftMigration = 0800;
					};
				};
			};
			buildConfigurationList = FBA6AAF31AD3EC9F00721644 /* Build configuration list for PBXProject "RichEditorView" */;
			compatibilityVersion = "Xcode 3.2";
			developmentRegion = English;
			hasScannedForEncodings = 0;
			knownRegions = (
				English,
				en,
			);
			mainGroup = FBA6AAEF1AD3EC9F00721644;
			productRefGroup = FBA6AAFA1AD3EC9F00721644 /* Products */;
			projectDirPath = "";
			projectRoot = "";
			targets = (
				FBA6AAF81AD3EC9F00721644 /* RichEditorView */,
				FBA6AB031AD3EC9F00721644 /* RichEditorViewTests */,
			);
		};
/* End PBXProject section */

/* Begin PBXResourcesBuildPhase section */
		FBA6AAF71AD3EC9F00721644 /* Resources */ = {
			isa = PBXResourcesBuildPhase;
			buildActionMask = 2147483647;
			files = (
				FBA6AB641AD3ED2D00721644 /* h6@2x.png in Resources */,
				FBA6AB541AD3ED2D00721644 /* bg_color@2x.png in Resources */,
				FBA6AB731AD3ED2D00721644 /* outdent.png in Resources */,
				FBA6AB591AD3ED2D00721644 /* h1.png in Resources */,
				FBA6AB691AD3ED2D00721644 /* insert_link.png in Resources */,
				FBA6AB5E1AD3ED2D00721644 /* h3@2x.png in Resources */,
				FBA6AB781AD3ED2D00721644 /* strikethrough@2x.png in Resources */,
				FBA6AB661AD3ED2D00721644 /* indent@2x.png in Resources */,
				FBA6AB821AD3ED2D00721644 /* undo@2x.png in Resources */,
				FBA6AB5B1AD3ED2D00721644 /* h2.png in Resources */,
				FBA6AB7A1AD3ED2D00721644 /* subscript@2x.png in Resources */,
				FBA6AB5F1AD3ED2D00721644 /* h4.png in Resources */,
				FBA6AB681AD3ED2D00721644 /* insert_image@2x.png in Resources */,
				FBA6AB651AD3ED2D00721644 /* indent.png in Resources */,
				FBA6AB5D1AD3ED2D00721644 /* h3.png in Resources */,
				FBA6AB631AD3ED2D00721644 /* h6.png in Resources */,
				FBA6AB561AD3ED2D00721644 /* bold@2x.png in Resources */,
				FBA6AB6E1AD3ED2D00721644 /* justify_center@2x.png in Resources */,
				FBA6AB5A1AD3ED2D00721644 /* h1@2x.png in Resources */,
				FBA6AB721AD3ED2D00721644 /* justify_right@2x.png in Resources */,
				FBA6AB7D1AD3ED2D00721644 /* text_color.png in Resources */,
				FBA6AB621AD3ED2D00721644 /* h5@2x.png in Resources */,
				FBA6AB5C1AD3ED2D00721644 /* h2@2x.png in Resources */,
				FBA6AB6B1AD3ED2D00721644 /* italic.png in Resources */,
				FBA6AB771AD3ED2D00721644 /* strikethrough.png in Resources */,
				FBA6AB751AD3ED2D00721644 /* redo.png in Resources */,
				FBA6AB7F1AD3ED2D00721644 /* underline.png in Resources */,
				FBA6AB6A1AD3ED2D00721644 /* insert_link@2x.png in Resources */,
				FBA6AB761AD3ED2D00721644 /* redo@2x.png in Resources */,
				FBA6AB6D1AD3ED2D00721644 /* justify_center.png in Resources */,
				FBA6AB701AD3ED2D00721644 /* justify_left@2x.png in Resources */,
				FBA6AB611AD3ED2D00721644 /* h5.png in Resources */,
				FBA6AB7E1AD3ED2D00721644 /* text_color@2x.png in Resources */,
				FBA6AB811AD3ED2D00721644 /* undo.png in Resources */,
				FBA6AB511AD3ED2D00721644 /* rich_editor.js in Resources */,
				FBA6AB521AD3ED2D00721644 /* style.css in Resources */,
				FBA6AB601AD3ED2D00721644 /* h4@2x.png in Resources */,
				FBA6AB581AD3ED2D00721644 /* clear@2x.png in Resources */,
				FBA6AB801AD3ED2D00721644 /* underline@2x.png in Resources */,
				FBA6AB711AD3ED2D00721644 /* justify_right.png in Resources */,
				FBA6AB7C1AD3ED2D00721644 /* superscript@2x.png in Resources */,
				FBA6AB551AD3ED2D00721644 /* bold.png in Resources */,
				FBA6AB6F1AD3ED2D00721644 /* justify_left.png in Resources */,
				FBA6AB4F1AD3ED2D00721644 /* normalize.css in Resources */,
				FBA6AB571AD3ED2D00721644 /* clear.png in Resources */,
				FBA6AB741AD3ED2D00721644 /* outdent@2x.png in Resources */,
				FBA6AB7B1AD3ED2D00721644 /* superscript.png in Resources */,
				FBA6AB791AD3ED2D00721644 /* subscript.png in Resources */,
				FBA6AB531AD3ED2D00721644 /* bg_color.png in Resources */,
				FBA6AB671AD3ED2D00721644 /* insert_image.png in Resources */,
				FBA6AB501AD3ED2D00721644 /* rich_editor.html in Resources */,
				FBA6AB6C1AD3ED2D00721644 /* italic@2x.png in Resources */,
			);
			runOnlyForDeploymentPostprocessing = 0;
		};
		FBA6AB021AD3EC9F00721644 /* Resources */ = {
			isa = PBXResourcesBuildPhase;
			buildActionMask = 2147483647;
			files = (
			);
			runOnlyForDeploymentPostprocessing = 0;
		};
/* End PBXResourcesBuildPhase section */

/* Begin PBXSourcesBuildPhase section */
		FBA6AAF41AD3EC9F00721644 /* Sources */ = {
			isa = PBXSourcesBuildPhase;
			buildActionMask = 2147483647;
			files = (
				FBA6AB8A1AD3ED3C00721644 /* RichEditorOptionItem.swift in Sources */,
				FBA6AB8B1AD3ED3C00721644 /* RichEditorToolbar.swift in Sources */,
				FBA6AB891AD3ED3C00721644 /* CJWWebView+HackishAccessoryHiding.m in Sources */,
				FBA6AB8C1AD3ED3C00721644 /* RichEditorView.swift in Sources */,
				39FC98FC1DC788A1008FE5DD /* UIColor+Extensions.swift in Sources */,
				39FC98FB1DC788A1008FE5DD /* String+Extensions.swift in Sources */,
				947A71A11C0F9DED00BDF9FC /* UIView+Responder.swift in Sources */,
			);
			runOnlyForDeploymentPostprocessing = 0;
		};
		FBA6AB001AD3EC9F00721644 /* Sources */ = {
			isa = PBXSourcesBuildPhase;
			buildActionMask = 2147483647;
			files = (
				FBA6AB0C1AD3EC9F00721644 /* RichEditorViewTests.swift in Sources */,
			);
			runOnlyForDeploymentPostprocessing = 0;
		};
/* End PBXSourcesBuildPhase section */

/* Begin PBXTargetDependency section */
		FBA6AB071AD3EC9F00721644 /* PBXTargetDependency */ = {
			isa = PBXTargetDependency;
			target = FBA6AAF81AD3EC9F00721644 /* RichEditorView */;
			targetProxy = FBA6AB061AD3EC9F00721644 /* PBXContainerItemProxy */;
		};
/* End PBXTargetDependency section */

/* Begin XCBuildConfiguration section */
		FBA6AB0D1AD3EC9F00721644 /* Debug */ = {
			isa = XCBuildConfiguration;
			buildSettings = {
				ALWAYS_SEARCH_USER_PATHS = NO;
				CLANG_CXX_LANGUAGE_STANDARD = "gnu++0x";
				CLANG_CXX_LIBRARY = "libc++";
				CLANG_ENABLE_MODULES = YES;
				CLANG_ENABLE_OBJC_ARC = YES;
				CLANG_WARN_BOOL_CONVERSION = YES;
				CLANG_WARN_CONSTANT_CONVERSION = YES;
				CLANG_WARN_DIRECT_OBJC_ISA_USAGE = YES_ERROR;
				CLANG_WARN_EMPTY_BODY = YES;
				CLANG_WARN_ENUM_CONVERSION = YES;
				CLANG_WARN_INFINITE_RECURSION = YES;
				CLANG_WARN_INT_CONVERSION = YES;
				CLANG_WARN_OBJC_ROOT_CLASS = YES_ERROR;
				CLANG_WARN_SUSPICIOUS_MOVE = YES;
				CLANG_WARN_UNREACHABLE_CODE = YES;
				CLANG_WARN__DUPLICATE_METHOD_MATCH = YES;
				"CODE_SIGN_IDENTITY[sdk=iphoneos*]" = "iPhone Developer";
				COPY_PHASE_STRIP = NO;
				CURRENT_PROJECT_VERSION = 1;
				ENABLE_STRICT_OBJC_MSGSEND = YES;
				ENABLE_TESTABILITY = YES;
				GCC_C_LANGUAGE_STANDARD = gnu99;
				GCC_DYNAMIC_NO_PIC = NO;
				GCC_NO_COMMON_BLOCKS = YES;
				GCC_OPTIMIZATION_LEVEL = 0;
				GCC_PREPROCESSOR_DEFINITIONS = (
					"DEBUG=1",
					"$(inherited)",
				);
				GCC_SYMBOLS_PRIVATE_EXTERN = NO;
				GCC_WARN_64_TO_32_BIT_CONVERSION = YES;
				GCC_WARN_ABOUT_RETURN_TYPE = YES_ERROR;
				GCC_WARN_UNDECLARED_SELECTOR = YES;
				GCC_WARN_UNINITIALIZED_AUTOS = YES_AGGRESSIVE;
				GCC_WARN_UNUSED_FUNCTION = YES;
				GCC_WARN_UNUSED_VARIABLE = YES;
				IPHONEOS_DEPLOYMENT_TARGET = 8.0;
				MTL_ENABLE_DEBUG_INFO = YES;
				ONLY_ACTIVE_ARCH = YES;
				SDKROOT = iphoneos;
				SWIFT_OPTIMIZATION_LEVEL = "-Onone";
				TARGETED_DEVICE_FAMILY = "1,2";
				VERSIONING_SYSTEM = "apple-generic";
				VERSION_INFO_PREFIX = "";
			};
			name = Debug;
		};
		FBA6AB0E1AD3EC9F00721644 /* Release */ = {
			isa = XCBuildConfiguration;
			buildSettings = {
				ALWAYS_SEARCH_USER_PATHS = NO;
				CLANG_CXX_LANGUAGE_STANDARD = "gnu++0x";
				CLANG_CXX_LIBRARY = "libc++";
				CLANG_ENABLE_MODULES = YES;
				CLANG_ENABLE_OBJC_ARC = YES;
				CLANG_WARN_BOOL_CONVERSION = YES;
				CLANG_WARN_CONSTANT_CONVERSION = YES;
				CLANG_WARN_DIRECT_OBJC_ISA_USAGE = YES_ERROR;
				CLANG_WARN_EMPTY_BODY = YES;
				CLANG_WARN_ENUM_CONVERSION = YES;
				CLANG_WARN_INFINITE_RECURSION = YES;
				CLANG_WARN_INT_CONVERSION = YES;
				CLANG_WARN_OBJC_ROOT_CLASS = YES_ERROR;
				CLANG_WARN_SUSPICIOUS_MOVE = YES;
				CLANG_WARN_UNREACHABLE_CODE = YES;
				CLANG_WARN__DUPLICATE_METHOD_MATCH = YES;
				"CODE_SIGN_IDENTITY[sdk=iphoneos*]" = "iPhone Developer";
				COPY_PHASE_STRIP = YES;
				CURRENT_PROJECT_VERSION = 1;
				ENABLE_NS_ASSERTIONS = NO;
				ENABLE_STRICT_OBJC_MSGSEND = YES;
				GCC_C_LANGUAGE_STANDARD = gnu99;
				GCC_NO_COMMON_BLOCKS = YES;
				GCC_WARN_64_TO_32_BIT_CONVERSION = YES;
				GCC_WARN_ABOUT_RETURN_TYPE = YES_ERROR;
				GCC_WARN_UNDECLARED_SELECTOR = YES;
				GCC_WARN_UNINITIALIZED_AUTOS = YES_AGGRESSIVE;
				GCC_WARN_UNUSED_FUNCTION = YES;
				GCC_WARN_UNUSED_VARIABLE = YES;
				IPHONEOS_DEPLOYMENT_TARGET = 8.0;
				MTL_ENABLE_DEBUG_INFO = NO;
				SDKROOT = iphoneos;
				SWIFT_OPTIMIZATION_LEVEL = "-Owholemodule";
				TARGETED_DEVICE_FAMILY = "1,2";
				VALIDATE_PRODUCT = YES;
				VERSIONING_SYSTEM = "apple-generic";
				VERSION_INFO_PREFIX = "";
			};
			name = Release;
		};
		FBA6AB101AD3EC9F00721644 /* Debug */ = {
			isa = XCBuildConfiguration;
			buildSettings = {
				CLANG_ENABLE_MODULES = YES;
				"CODE_SIGN_IDENTITY[sdk=iphoneos*]" = "";
				DEFINES_MODULE = YES;
				DYLIB_COMPATIBILITY_VERSION = 1;
				DYLIB_CURRENT_VERSION = 1;
				DYLIB_INSTALL_NAME_BASE = "@rpath";
				INFOPLIST_FILE = RichEditorView/Info.plist;
				LD_RUNPATH_SEARCH_PATHS = "$(inherited) @executable_path/Frameworks @loader_path/Frameworks";
				PRODUCT_BUNDLE_IDENTIFIER = "com.cjwirth.$(PRODUCT_NAME:rfc1034identifier)";
				PRODUCT_NAME = "$(TARGET_NAME)";
				SKIP_INSTALL = YES;
				SWIFT_OPTIMIZATION_LEVEL = "-Onone";
				SWIFT_VERSION = 5.0;
			};
			name = Debug;
		};
		FBA6AB111AD3EC9F00721644 /* Release */ = {
			isa = XCBuildConfiguration;
			buildSettings = {
				CLANG_ENABLE_MODULES = YES;
				"CODE_SIGN_IDENTITY[sdk=iphoneos*]" = "";
				DEFINES_MODULE = YES;
				DYLIB_COMPATIBILITY_VERSION = 1;
				DYLIB_CURRENT_VERSION = 1;
				DYLIB_INSTALL_NAME_BASE = "@rpath";
				INFOPLIST_FILE = RichEditorView/Info.plist;
				LD_RUNPATH_SEARCH_PATHS = "$(inherited) @executable_path/Frameworks @loader_path/Frameworks";
				PRODUCT_BUNDLE_IDENTIFIER = "com.cjwirth.$(PRODUCT_NAME:rfc1034identifier)";
				PRODUCT_NAME = "$(TARGET_NAME)";
				SKIP_INSTALL = YES;
				SWIFT_VERSION = 5.0;
			};
			name = Release;
		};
		FBA6AB131AD3EC9F00721644 /* Debug */ = {
			isa = XCBuildConfiguration;
			buildSettings = {
				DEVELOPMENT_TEAM = XATA46WWFJ;
				GCC_PREPROCESSOR_DEFINITIONS = (
					"DEBUG=1",
					"$(inherited)",
				);
				INFOPLIST_FILE = RichEditorViewTests/Info.plist;
				LD_RUNPATH_SEARCH_PATHS = "$(inherited) @executable_path/Frameworks @loader_path/Frameworks";
				PRODUCT_BUNDLE_IDENTIFIER = "com.cjwirth.$(PRODUCT_NAME:rfc1034identifier)";
				PRODUCT_NAME = "$(TARGET_NAME)";
				SWIFT_VERSION = 5.0;
			};
			name = Debug;
		};
		FBA6AB141AD3EC9F00721644 /* Release */ = {
			isa = XCBuildConfiguration;
			buildSettings = {
				DEVELOPMENT_TEAM = XATA46WWFJ;
				INFOPLIST_FILE = RichEditorViewTests/Info.plist;
				LD_RUNPATH_SEARCH_PATHS = "$(inherited) @executable_path/Frameworks @loader_path/Frameworks";
				PRODUCT_BUNDLE_IDENTIFIER = "com.cjwirth.$(PRODUCT_NAME:rfc1034identifier)";
				PRODUCT_NAME = "$(TARGET_NAME)";
				SWIFT_VERSION = 5.0;
			};
			name = Release;
		};
/* End XCBuildConfiguration section */

/* Begin XCConfigurationList section */
		FBA6AAF31AD3EC9F00721644 /* Build configuration list for PBXProject "RichEditorView" */ = {
			isa = XCConfigurationList;
			buildConfigurations = (
				FBA6AB0D1AD3EC9F00721644 /* Debug */,
				FBA6AB0E1AD3EC9F00721644 /* Release */,
			);
			defaultConfigurationIsVisible = 0;
			defaultConfigurationName = Release;
		};
		FBA6AB0F1AD3EC9F00721644 /* Build configuration list for PBXNativeTarget "RichEditorView" */ = {
			isa = XCConfigurationList;
			buildConfigurations = (
				FBA6AB101AD3EC9F00721644 /* Debug */,
				FBA6AB111AD3EC9F00721644 /* Release */,
			);
			defaultConfigurationIsVisible = 0;
			defaultConfigurationName = Release;
		};
		FBA6AB121AD3EC9F00721644 /* Build configuration list for PBXNativeTarget "RichEditorViewTests" */ = {
			isa = XCConfigurationList;
			buildConfigurations = (
				FBA6AB131AD3EC9F00721644 /* Debug */,
				FBA6AB141AD3EC9F00721644 /* Release */,
			);
			defaultConfigurationIsVisible = 0;
			defaultConfigurationName = Release;
		};
/* End XCConfigurationList section */
	};
	rootObject = FBA6AAF01AD3EC9F00721644 /* Project object */;
}
