PODS:
  - RichEditorView (5.0.0)

DEPENDENCIES:
  - RichEditorView (from `https://github.com/Smarp/RichEditorView.git`, branch `webkit`)

EXTERNAL SOURCES:
  RichEditorView:
    :branch: webkit
    :git: https://github.com/Smarp/RichEditorView.git

CHECKOUT OPTIONS:
  RichEditorView:
    :commit: a257484f3acda99cb0320e4c581462548c738eec
    :git: https://github.com/Smarp/RichEditorView.git

SPEC CHECKSUMS:
  RichEditorView: cebe82c09dd84779c2a7d80df101e4e97bc02764

PODFILE CHECKSUM: e210b5733e358574fa62904c00a59f3cf9b8e3fc

COCOAPODS: 1.9.0.beta.2
